
Microsoft Visual Studio Solution File, Format Version 12.00
# Visual Studio 2013
VisualStudioVersion = 12.0.40629.0
MinimumVisualStudioVersion = 10.0.40219.1
Project("{E24C65DC-7377-472B-9ABA-BC803B73C61A}") = "Web(2)", "http://localhost:40326", "{BB6F2DA2-18D4-4A50-BC87-F32B88380BEF}"
	ProjectSection(WebsiteProperties) = preProject
		UseIISExpress = "true"
		TargetFrameworkMoniker = ".NETFramework,Version%3Dv4.5.1"
		ProjectReferences = "{79b90489-86fa-4e7f-8057-9faad0a65d3b}|EmlakClass.dll;"
		Debug.AspNetCompiler.VirtualPath = "/localhost_40326"
		Debug.AspNetCompiler.PhysicalPath = "Web\"
		Debug.AspNetCompiler.TargetPath = "PrecompiledWeb\localhost_40326\"
		Debug.AspNetCompiler.Updateable = "true"
		Debug.AspNetCompiler.ForceOverwrite = "true"
		Debug.AspNetCompiler.FixedNames = "false"
		Debug.AspNetCompiler.Debug = "True"
		Release.AspNetCompiler.VirtualPath = "/localhost_40326"
		Release.AspNetCompiler.PhysicalPath = "Web\"
		Release.AspNetCompiler.TargetPath = "PrecompiledWeb\localhost_40326\"
		Release.AspNetCompiler.Updateable = "true"
		Release.AspNetCompiler.ForceOverwrite = "true"
		Release.AspNetCompiler.FixedNames = "false"
		Release.AspNetCompiler.Debug = "False"
		SlnRelativePath = "Web\"
	EndProjectSection
EndProject
Project("{FAE04EC0-301F-11D3-BF4B-00C04F79EFBC}") = "EmlakClass", "Dal\EmlakClass\EmlakClass.csproj", "{79B90489-86FA-4E7F-8057-9FAAD0A65D3B}"
EndProject
Global
	GlobalSection(SolutionConfigurationPlatforms) = preSolution
		Debug|Any CPU = Debug|Any CPU
		Release|Any CPU = Release|Any CPU
	EndGlobalSection
	GlobalSection(ProjectConfigurationPlatforms) = postSolution
		{BB6F2DA2-18D4-4A50-BC87-F32B88380BEF}.Debug|Any CPU.ActiveCfg = Debug|Any CPU
		{BB6F2DA2-18D4-4A50-BC87-F32B88380BEF}.Debug|Any CPU.Build.0 = Debug|Any CPU
		{BB6F2DA2-18D4-4A50-BC87-F32B88380BEF}.Release|Any CPU.ActiveCfg = Debug|Any CPU
		{BB6F2DA2-18D4-4A50-BC87-F32B88380BEF}.Release|Any CPU.Build.0 = Debug|Any CPU
		{79B90489-86FA-4E7F-8057-9FAAD0A65D3B}.Debug|Any CPU.ActiveCfg = Debug|Any CPU
		{79B90489-86FA-4E7F-8057-9FAAD0A65D3B}.Debug|Any CPU.Build.0 = Debug|Any CPU
		{79B90489-86FA-4E7F-8057-9FAAD0A65D3B}.Release|Any CPU.ActiveCfg = Release|Any CPU
		{79B90489-86FA-4E7F-8057-9FAAD0A65D3B}.Release|Any CPU.Build.0 = Release|Any CPU
	EndGlobalSection
	GlobalSection(SolutionProperties) = preSolution
		HideSolutionNode = FALSE
	EndGlobalSection
EndGlobal
